
Microsoft Visual Studio Solution File, Format Version 12.00
# Visual Studio 15
VisualStudioVersion = 15.0.28307.960
MinimumVisualStudioVersion = 10.0.40219.1
Project("{FAE04EC0-301F-11D3-BF4B-00C04F79EFBC}") = "ProyectoDivisasTomasDominikDadal", "ProyectoDivisasTomasDominikDadal\ProyectoDivisasTomasDominikDadal.csproj", "{B437E3D3-7085-45E2-8E35-6612B59BCB10}"
EndProject
Project("{FAE04EC0-301F-11D3-BF4B-00C04F79EFBC}") = "ProyectoDivisasTomasDominikDadal.Tests", "ProyectoDivisasTomasDominikDadal.Tests\ProyectoDivisasTomasDominikDadal.Tests.csproj", "{52CF215F-1E00-47EB-963F-C7A718E0C82F}"
EndProject
Global
	GlobalSection(SolutionConfigurationPlatforms) = preSolution
		Debug|Any CPU = Debug|Any CPU
		Release|Any CPU = Release|Any CPU
	EndGlobalSection
	GlobalSection(ProjectConfigurationPlatforms) = postSolution
		{B437E3D3-7085-45E2-8E35-6612B59BCB10}.Debug|Any CPU.ActiveCfg = Debug|Any CPU
		{B437E3D3-7085-45E2-8E35-6612B59BCB10}.Debug|Any CPU.Build.0 = Debug|Any CPU
		{B437E3D3-7085-45E2-8E35-6612B59BCB10}.Release|Any CPU.ActiveCfg = Release|Any CPU
		{B437E3D3-7085-45E2-8E35-6612B59BCB10}.Release|Any CPU.Build.0 = Release|Any CPU
		{52CF215F-1E00-47EB-963F-C7A718E0C82F}.Debug|Any CPU.ActiveCfg = Debug|Any CPU
		{52CF215F-1E00-47EB-963F-C7A718E0C82F}.Debug|Any CPU.Build.0 = Debug|Any CPU
		{52CF215F-1E00-47EB-963F-C7A718E0C82F}.Release|Any CPU.ActiveCfg = Release|Any CPU
		{52CF215F-1E00-47EB-963F-C7A718E0C82F}.Release|Any CPU.Build.0 = Release|Any CPU
	EndGlobalSection
	GlobalSection(SolutionProperties) = preSolution
		HideSolutionNode = FALSE
	EndGlobalSection
	GlobalSection(ExtensibilityGlobals) = postSolution
		SolutionGuid = {DE3D69C2-DDA1-40B8-9104-9EFBB03490FF}
	EndGlobalSection
EndGlobal
